{
  "name": "@maartenkeizer/dither-avatar",
  "version": "1.0.1",
  "lockfileVersion": 3,
  "requires": true,
  "packages": {
    "": {
      "name": "@maartenkeizer/dither-avatar",
      "version": "1.0.1",
      "license": "MIT",
      "devDependencies": {
        "@types/react": "^19.0.0",
        "tsup": "^8.0.0",
        "typescript": "^5.5.0"
      },
      "peerDependencies": {
        "react": ">=18"
      },
      "peerDependenciesMeta": {
        "react": {
          "optional": true
        }
      }
    },
